
Microsoft Visual Studio Solution File, Format Version 12.00
# Visual Studio 2013
VisualStudioVersion = 12.0.30723.0
MinimumVisualStudioVersion = 10.0.40219.1
Project("{E24C65DC-7377-472B-9ABA-BC803B73C61A}") = "Lab 2 - Make a Game(1)", "http://localhost:38481", "{2E967157-35F7-44B3-A397-5E61218961C1}"
	ProjectSection(WebsiteProperties) = preProject
		UseIISExpress = "true"
		TargetFrameworkMoniker = ".NETFramework,Version%3Dv4.0"
		Debug.AspNetCompiler.VirtualPath = "/localhost_38481"
		Debug.AspNetCompiler.PhysicalPath = "Lab 2 - Make a Game\"
		Debug.AspNetCompiler.TargetPath = "PrecompiledWeb\localhost_38481\"
		Debug.AspNetCompiler.Updateable = "true"
		Debug.AspNetCompiler.ForceOverwrite = "true"
		Debug.AspNetCompiler.FixedNames = "false"
		Debug.AspNetCompiler.Debug = "True"
		Release.AspNetCompiler.VirtualPath = "/localhost_38481"
		Release.AspNetCompiler.PhysicalPath = "Lab 2 - Make a Game\"
		Release.AspNetCompiler.TargetPath = "PrecompiledWeb\localhost_38481\"
		Release.AspNetCompiler.Updateable = "true"
		Release.AspNetCompiler.ForceOverwrite = "true"
		Release.AspNetCompiler.FixedNames = "false"
		Release.AspNetCompiler.Debug = "False"
		SlnRelativePath = "Lab 2 - Make a Game\"
	EndProjectSection
EndProject
Project("{2150E333-8FDC-42A3-9474-1A3956D46DE8}") = "src", "src", "{19E36365-23BD-4823-9555-AE4918406E48}"
	ProjectSection(SolutionItems) = preProject
		src\BackGrounds.xcf = src\BackGrounds.xcf
		src\Bullet.xcf = src\Bullet.xcf
		src\Character.xcf = src\Character.xcf
		src\Enemy.xcf = src\Enemy.xcf
		src\floor.xcf = src\floor.xcf
		src\fpsBar.xcf = src\fpsBar.xcf
		src\Health.xcf = src\Health.xcf
		src\HUD.xcf = src\HUD.xcf
		src\normalButtons.xcf = src\normalButtons.xcf
	EndProjectSection
EndProject
Global
	GlobalSection(SolutionConfigurationPlatforms) = preSolution
		Debug|Any CPU = Debug|Any CPU
	EndGlobalSection
	GlobalSection(ProjectConfigurationPlatforms) = postSolution
		{2E967157-35F7-44B3-A397-5E61218961C1}.Debug|Any CPU.ActiveCfg = Debug|Any CPU
		{2E967157-35F7-44B3-A397-5E61218961C1}.Debug|Any CPU.Build.0 = Debug|Any CPU
	EndGlobalSection
	GlobalSection(SolutionProperties) = preSolution
		HideSolutionNode = FALSE
	EndGlobalSection
EndGlobal
